github.com/ImSingee/dt v0.0.0-20210412031325-8a1fdc2c12f8 h1:rbmDJb8o9rI5ENZBIDDg1TAktTciYsXdfUKVXlUiFaE=
github.com/ImSingee/dt v0.0.0-20210412031325-8a1fdc2c12f8/go.mod h1:VjWiS0VsETzE60idKU+vIdJzbJ+MKPH2BJWc9EvwPSg=
github.com/ImSingee/tt v1.0.2 h1:t6EWUfy6rB9fuBH3U4OaYcZ17hKa4TbYU211jCnD9fA=
github.com/ImSingee/tt v1.0.2/go.mod h1:7O7v+cIBruYWGFObw85DDjH0gNLquen1cJqMR3GOgxw=
